# This file was autogenerated by Stack.
# You should not edit this file by hand.
# For more information, please see the documentation at:
#   https://docs.haskellstack.org/en/stable/topics/lock_files

packages:
- completed:
    hackage: type-natural-1.3.0.2@sha256:bd4f8035246afbf26d0d991dfc735c7daef6360dbff3d0e2e427d2a786cbb14c,2849
    pantry-tree:
      sha256: 39116a9dca0bc42a682ec9d019ed85913ddd4797178b35769526114c41f0f3d6
      size: 1537
  original:
    hackage: type-natural-1.3.0.2
snapshots:
- completed:
    sha256: 91dfbdf885fb0110f0e63cdba42e13ff375dc7efc2f69f02d238b31ca3c1064f
    size: 728778
    url: https://raw.githubusercontent.com/commercialhaskell/stackage-snapshots/master/lts/24/39.yaml
  original:
    url: https://raw.githubusercontent.com/commercialhaskell/stackage-snapshots/master/lts/24/39.yaml
